
Microsoft Visual Studio Solution File, Format Version 12.00
# Visual Studio 15
VisualStudioVersion = 15.0.27130.2024
MinimumVisualStudioVersion = 10.0.40219.1
Project("{8BC9CEB8-8B4A-11D0-8D11-00A0C91BC942}") = "Cosc2030lab1", "Cosc2030lab1\Cosc2030lab1.vcxproj", "{4B393428-F51B-404F-96FB-4260181E81CB}"
EndProject
Global
	GlobalSection(SolutionConfigurationPlatforms) = preSolution
		Debug|x64 = Debug|x64
		Debug|x86 = Debug|x86
		Release|x64 = Release|x64
		Release|x86 = Release|x86
	EndGlobalSection
	GlobalSection(ProjectConfigurationPlatforms) = postSolution
		{4B393428-F51B-404F-96FB-4260181E81CB}.Debug|x64.ActiveCfg = Debug|x64
		{4B393428-F51B-404F-96FB-4260181E81CB}.Debug|x64.Build.0 = Debug|x64
		{4B393428-F51B-404F-96FB-4260181E81CB}.Debug|x86.ActiveCfg = Debug|Win32
		{4B393428-F51B-404F-96FB-4260181E81CB}.Debug|x86.Build.0 = Debug|Win32
		{4B393428-F51B-404F-96FB-4260181E81CB}.Release|x64.ActiveCfg = Release|x64
		{4B393428-F51B-404F-96FB-4260181E81CB}.Release|x64.Build.0 = Release|x64
		{4B393428-F51B-404F-96FB-4260181E81CB}.Release|x86.ActiveCfg = Release|Win32
		{4B393428-F51B-404F-96FB-4260181E81CB}.Release|x86.Build.0 = Release|Win32
	EndGlobalSection
	GlobalSection(SolutionProperties) = preSolution
		HideSolutionNode = FALSE
	EndGlobalSection
	GlobalSection(ExtensibilityGlobals) = postSolution
		SolutionGuid = {42873200-28EC-4751-A2D3-9DB24F87054F}
	EndGlobalSection
EndGlobal
